
Microsoft Visual Studio Solution File, Format Version 12.00
# Visual Studio Version 17
VisualStudioVersion = 17.5.002.0
MinimumVisualStudioVersion = 10.0.40219.1
Project("{9A19103F-16F7-4668-BE54-9A1E7A4F7556}") = "arrayOperations", "arrayOperations.csproj", "{30B83E3D-875C-435C-9C0E-370EC74B688B}"
EndProject
Global
	GlobalSection(SolutionConfigurationPlatforms) = preSolution
		Debug|Any CPU = Debug|Any CPU
		Release|Any CPU = Release|Any CPU
	EndGlobalSection
	GlobalSection(ProjectConfigurationPlatforms) = postSolution
		{30B83E3D-875C-435C-9C0E-370EC74B688B}.Debug|Any CPU.ActiveCfg = Debug|Any CPU
		{30B83E3D-875C-435C-9C0E-370EC74B688B}.Debug|Any CPU.Build.0 = Debug|Any CPU
		{30B83E3D-875C-435C-9C0E-370EC74B688B}.Release|Any CPU.ActiveCfg = Release|Any CPU
		{30B83E3D-875C-435C-9C0E-370EC74B688B}.Release|Any CPU.Build.0 = Release|Any CPU
	EndGlobalSection
	GlobalSection(SolutionProperties) = preSolution
		HideSolutionNode = FALSE
	EndGlobalSection
	GlobalSection(ExtensibilityGlobals) = postSolution
		SolutionGuid = {BB69E9A2-5876-46B2-844B-55E486CF6084}
	EndGlobalSection
EndGlobal
