
Microsoft Visual Studio Solution File, Format Version 12.00
# Visual Studio Version 17
VisualStudioVersion = 17.5.002.0
MinimumVisualStudioVersion = 10.0.40219.1
Project("{9A19103F-16F7-4668-BE54-9A1E7A4F7556}") = "exerciseIntegralTypes", "exerciseIntegralTypes.csproj", "{7D9490CB-6A3B-4643-9D7C-7682C4CB902B}"
EndProject
Global
	GlobalSection(SolutionConfigurationPlatforms) = preSolution
		Debug|Any CPU = Debug|Any CPU
		Release|Any CPU = Release|Any CPU
	EndGlobalSection
	GlobalSection(ProjectConfigurationPlatforms) = postSolution
		{7D9490CB-6A3B-4643-9D7C-7682C4CB902B}.Debug|Any CPU.ActiveCfg = Debug|Any CPU
		{7D9490CB-6A3B-4643-9D7C-7682C4CB902B}.Debug|Any CPU.Build.0 = Debug|Any CPU
		{7D9490CB-6A3B-4643-9D7C-7682C4CB902B}.Release|Any CPU.ActiveCfg = Release|Any CPU
		{7D9490CB-6A3B-4643-9D7C-7682C4CB902B}.Release|Any CPU.Build.0 = Release|Any CPU
	EndGlobalSection
	GlobalSection(SolutionProperties) = preSolution
		HideSolutionNode = FALSE
	EndGlobalSection
	GlobalSection(ExtensibilityGlobals) = postSolution
		SolutionGuid = {09EE81FA-0114-4D0D-B93D-149E268035AD}
	EndGlobalSection
EndGlobal
