
Microsoft Visual Studio Solution File, Format Version 12.00
# Visual Studio Version 17
VisualStudioVersion = 17.5.002.0
MinimumVisualStudioVersion = 10.0.40219.1
Project("{9A19103F-16F7-4668-BE54-9A1E7A4F7556}") = "writeFirstCSharpMethod", "writeFirstCSharpMethod.csproj", "{B0D10999-0B13-4CB8-93FD-F9FE4D7B36EF}"
EndProject
Global
	GlobalSection(SolutionConfigurationPlatforms) = preSolution
		Debug|Any CPU = Debug|Any CPU
		Release|Any CPU = Release|Any CPU
	EndGlobalSection
	GlobalSection(ProjectConfigurationPlatforms) = postSolution
		{B0D10999-0B13-4CB8-93FD-F9FE4D7B36EF}.Debug|Any CPU.ActiveCfg = Debug|Any CPU
		{B0D10999-0B13-4CB8-93FD-F9FE4D7B36EF}.Debug|Any CPU.Build.0 = Debug|Any CPU
		{B0D10999-0B13-4CB8-93FD-F9FE4D7B36EF}.Release|Any CPU.ActiveCfg = Release|Any CPU
		{B0D10999-0B13-4CB8-93FD-F9FE4D7B36EF}.Release|Any CPU.Build.0 = Release|Any CPU
	EndGlobalSection
	GlobalSection(SolutionProperties) = preSolution
		HideSolutionNode = FALSE
	EndGlobalSection
	GlobalSection(ExtensibilityGlobals) = postSolution
		SolutionGuid = {DAFE9521-FAD6-464A-8417-9F01984A7D1C}
	EndGlobalSection
EndGlobal
